
Microsoft Visual Studio Solution File, Format Version 12.00
# Visual Studio Version 16
VisualStudioVersion = 25.0.1706.8
MinimumVisualStudioVersion = 10.0.40219.1
Project("{FAE04EC0-301F-11D3-BF4B-00C04F79EFBC}") = "IndexerExample", "IndexerExample.csproj", "{F2AADF41-1154-4B7D-8772-E5189E735206}"
EndProject
Global
	GlobalSection(SolutionConfigurationPlatforms) = preSolution
		Debug|Any CPU = Debug|Any CPU
		Release|Any CPU = Release|Any CPU
	EndGlobalSection
	GlobalSection(ProjectConfigurationPlatforms) = postSolution
		{F2AADF41-1154-4B7D-8772-E5189E735206}.Debug|Any CPU.ActiveCfg = Debug|Any CPU
		{F2AADF41-1154-4B7D-8772-E5189E735206}.Debug|Any CPU.Build.0 = Debug|Any CPU
		{F2AADF41-1154-4B7D-8772-E5189E735206}.Release|Any CPU.ActiveCfg = Release|Any CPU
		{F2AADF41-1154-4B7D-8772-E5189E735206}.Release|Any CPU.Build.0 = Release|Any CPU
	EndGlobalSection
	GlobalSection(SolutionProperties) = preSolution
		HideSolutionNode = FALSE
	EndGlobalSection
	GlobalSection(ExtensibilityGlobals) = postSolution
		SolutionGuid = {0F66D317-B53F-4B80-A21C-1967A88666CD}
	EndGlobalSection
	GlobalSection(MonoDevelopProperties) = preSolution
		Policies = $0
		$0.TextStylePolicy = $1
		$1.inheritsSet = null
		$1.scope = text/x-csharp
		$0.CSharpFormattingPolicy = $2
		$2.scope = text/x-csharp
	EndGlobalSection
EndGlobal
